
Microsoft Visual Studio Solution File, Format Version 12.00
# Visual Studio Version 16
VisualStudioVersion = 16.0.29728.190
MinimumVisualStudioVersion = 10.0.40219.1
Project("{FAE04EC0-301F-11D3-BF4B-00C04F79EFBC}") = "VIBA", "VIBA\VIBA.csproj", "{911CEF4A-2E32-49BF-B12C-15AA7080E89D}"
EndProject
Global
	GlobalSection(SolutionConfigurationPlatforms) = preSolution
		Debug|Any CPU = Debug|Any CPU
		Release|Any CPU = Release|Any CPU
	EndGlobalSection
	GlobalSection(ProjectConfigurationPlatforms) = postSolution
		{911CEF4A-2E32-49BF-B12C-15AA7080E89D}.Debug|Any CPU.ActiveCfg = Debug|Any CPU
		{911CEF4A-2E32-49BF-B12C-15AA7080E89D}.Debug|Any CPU.Build.0 = Debug|Any CPU
		{911CEF4A-2E32-49BF-B12C-15AA7080E89D}.Release|Any CPU.ActiveCfg = Release|Any CPU
		{911CEF4A-2E32-49BF-B12C-15AA7080E89D}.Release|Any CPU.Build.0 = Release|Any CPU
	EndGlobalSection
	GlobalSection(SolutionProperties) = preSolution
		HideSolutionNode = FALSE
	EndGlobalSection
	GlobalSection(ExtensibilityGlobals) = postSolution
		SolutionGuid = {BC366BB2-2E2F-4BB5-B204-64D6EAF96272}
	EndGlobalSection
EndGlobal
